{
  "version": 4,
  "terraform_version": "1.0.11",
  "serial": 45,
  "lineage": "b91d60c9-55fa-352c-76a3-8d3ea740bd8a",
  "outputs": {
    "project_number": {
      "value": "399234242250",
      "type": "string"
    }
  },
  "resources": [
    {
      "mode": "data",
      "type": "google_billing_account",
      "name": "acct",
      "provider": "provider[\"registry.terraform.io/hashicorp/google\"]",
      "instances": [
        {
          "schema_version": 0,
          "attributes": {
            "billing_account": null,
            "display_name": "My Billing Account",
            "id": "018879-CC19F4-645157",
            "name": "billingAccounts/018879-CC19F4-645157",
            "open": true,
            "project_ids": [
              "ace-well-328303",
              "myproject-098765"
            ]
          },
          "sensitive_attributes": []
        }
      ]
    },
    {
      "mode": "data",
      "type": "google_project",
      "name": "project",
      "provider": "provider[\"registry.terraform.io/hashicorp/google\"]",
      "instances": [
        {
          "schema_version": 0,
          "attributes": {
            "auto_create_network": null,
            "billing_account": "018879-CC19F4-645157",
            "folder_id": null,
            "id": "projects/myproject-098765",
            "labels": {},
            "name": "my-second-project",
            "number": "399234242250",
            "org_id": null,
            "project_id": "myproject-098765",
            "skip_delete": null
          },
          "sensitive_attributes": []
        }
      ]
    },
    {
      "mode": "managed",
      "type": "google_project",
      "name": "my_project",
      "provider": "provider[\"registry.terraform.io/hashicorp/google\"]",
      "instances": [
        {
          "schema_version": 1,
          "attributes": {
            "auto_create_network": true,
            "billing_account": "018879-CC19F4-645157",
            "folder_id": null,
            "id": "projects/myproject-098765",
            "labels": {},
            "name": "my-second-project",
            "number": "399234242250",
            "org_id": null,
            "project_id": "myproject-098765",
            "skip_delete": null,
            "timeouts": null
          },
          "sensitive_attributes": [],
          "private": "eyJlMmJmYjczMC1lY2FhLTExZTYtOGY4OC0zNDM2M2JjN2M0YzAiOnsiY3JlYXRlIjo2MDAwMDAwMDAwMDAsImRlbGV0ZSI6NjAwMDAwMDAwMDAwLCJyZWFkIjo2MDAwMDAwMDAwMDAsInVwZGF0ZSI6NjAwMDAwMDAwMDAwfSwic2NoZW1hX3ZlcnNpb24iOiIxIn0=",
          "dependencies": [
            "data.google_billing_account.acct"
          ]
        }
      ]
    },
    {
      "mode": "managed",
      "type": "google_project_iam_binding",
      "name": "project",
      "provider": "provider[\"registry.terraform.io/hashicorp/google\"]",
      "instances": [
        {
          "schema_version": 0,
          "attributes": {
            "condition": [
              {
                "description": "Expiring at midnight of 2023-12-31",
                "expression": "request.time \u003c timestamp(\"2023-01-01T00:00:00Z\")",
                "title": "expires_after_2023_12_31"
              }
            ],
            "etag": "BwXUlEUT314=",
            "id": "myproject-098765/roles/container.admin/expires_after_2023_12_31/Expiring at midnight of 2023-12-31/request.time \u003c timestamp(\"2023-01-01T00:00:00Z\")",
            "members": [
              "user:AvatalaVPR@gmail.com"
            ],
            "project": "myproject-098765",
            "role": "roles/container.admin"
          },
          "sensitive_attributes": [],
          "private": "bnVsbA==",
          "dependencies": [
            "data.google_billing_account.acct",
            "google_project.my_project"
          ]
        }
      ]
    },
    {
      "mode": "managed",
      "type": "google_project_iam_custom_role",
      "name": "my-custom-role",
      "provider": "provider[\"registry.terraform.io/hashicorp/google\"]",
      "instances": [
        {
          "schema_version": 0,
          "attributes": {
            "deleted": false,
            "description": "it is a custom role for iam",
            "id": "projects/myproject-098765/roles/myCustomRole",
            "name": "projects/myproject-098765/roles/myCustomRole",
            "permissions": [
              "iam.roles.create",
              "iam.roles.delete",
              "iam.roles.list"
            ],
            "project": "myproject-098765",
            "role_id": "myCustomRole",
            "stage": "GA",
            "title": "My Custom Role"
          },
          "sensitive_attributes": [],
          "private": "bnVsbA==",
          "dependencies": [
            "google_project.my_project",
            "data.google_billing_account.acct"
          ]
        }
      ]
    },
    {
      "mode": "managed",
      "type": "google_project_iam_member",
      "name": "cloud_storage_reader",
      "provider": "provider[\"registry.terraform.io/hashicorp/google\"]",
      "instances": [
        {
          "schema_version": 0,
          "attributes": {
            "condition": [],
            "etag": "BwXUlqNChdI=",
            "id": "myproject-098765/roles/storage.objectViewer/serviceAccount:object-reader@myproject-098765.iam.gserviceaccount.com",
            "member": "serviceAccount:object-reader@myproject-098765.iam.gserviceaccount.com",
            "project": "myproject-098765",
            "role": "roles/storage.objectViewer"
          },
          "sensitive_attributes": [],
          "private": "bnVsbA==",
          "dependencies": [
            "google_project.my_project",
            "google_service_account.compute_storage_sa"
          ]
        }
      ]
    },
    {
      "mode": "managed",
      "type": "google_project_iam_member",
      "name": "project",
      "provider": "provider[\"registry.terraform.io/hashicorp/google\"]",
      "instances": [
        {
          "schema_version": 0,
          "attributes": {
            "condition": [
              {
                "description": "Expiring at midnight of 2023-12-31",
                "expression": "request.time \u003c timestamp(\"2023-01-01T00:00:00Z\")",
                "title": "expires_after_2023_12_31"
              }
            ],
            "etag": "BwXUlEUT314=",
            "id": "myproject-098765/roles/firebase.admin/user:avatalavpr@gmail.com/expires_after_2023_12_31/Expiring at midnight of 2023-12-31/request.time \u003c timestamp(\"2023-01-01T00:00:00Z\")",
            "member": "user:AvatalaVPR@gmail.com",
            "project": "myproject-098765",
            "role": "roles/firebase.admin"
          },
          "sensitive_attributes": [],
          "private": "bnVsbA==",
          "dependencies": [
            "data.google_billing_account.acct",
            "google_project.my_project"
          ]
        }
      ]
    },
    {
      "mode": "managed",
      "type": "google_project_service",
      "name": "project",
      "provider": "provider[\"registry.terraform.io/hashicorp/google\"]",
      "instances": [
        {
          "schema_version": 0,
          "attributes": {
            "disable_dependent_services": true,
            "disable_on_destroy": true,
            "id": "myproject-098765/container.googleapis.com",
            "project": "myproject-098765",
            "service": "container.googleapis.com",
            "timeouts": null
          },
          "sensitive_attributes": [],
          "private": "eyJlMmJmYjczMC1lY2FhLTExZTYtOGY4OC0zNDM2M2JjN2M0YzAiOnsiY3JlYXRlIjoxMjAwMDAwMDAwMDAwLCJkZWxldGUiOjEyMDAwMDAwMDAwMDAsInJlYWQiOjYwMDAwMDAwMDAwMCwidXBkYXRlIjoxMjAwMDAwMDAwMDAwfX0=",
          "dependencies": [
            "data.google_billing_account.acct",
            "google_project.my_project"
          ]
        }
      ]
    },
    {
      "mode": "managed",
      "type": "google_service_account",
      "name": "compute_storage_sa",
      "provider": "provider[\"registry.terraform.io/hashicorp/google\"]",
      "instances": [
        {
          "schema_version": 0,
          "attributes": {
            "account_id": "object-reader",
            "description": "",
            "disabled": false,
            "display_name": "test account for cloud storage read permission",
            "email": "object-reader@myproject-098765.iam.gserviceaccount.com",
            "id": "projects/myproject-098765/serviceAccounts/object-reader@myproject-098765.iam.gserviceaccount.com",
            "name": "projects/myproject-098765/serviceAccounts/object-reader@myproject-098765.iam.gserviceaccount.com",
            "project": "myproject-098765",
            "timeouts": null,
            "unique_id": "104990468059969100588"
          },
          "sensitive_attributes": [],
          "private": "eyJlMmJmYjczMC1lY2FhLTExZTYtOGY4OC0zNDM2M2JjN2M0YzAiOnsiY3JlYXRlIjozMDAwMDAwMDAwMDB9fQ==",
          "dependencies": [
            "google_project.my_project"
          ]
        }
      ]
    },
    {
      "mode": "managed",
      "type": "google_service_account",
      "name": "service_account",
      "provider": "provider[\"registry.terraform.io/hashicorp/google\"]",
      "instances": [
        {
          "schema_version": 0,
          "attributes": {
            "account_id": "test-sa",
            "description": "",
            "disabled": false,
            "display_name": "test account that avatalavpr@gmail.com can use",
            "email": "test-sa@myproject-098765.iam.gserviceaccount.com",
            "id": "projects/myproject-098765/serviceAccounts/test-sa@myproject-098765.iam.gserviceaccount.com",
            "name": "projects/myproject-098765/serviceAccounts/test-sa@myproject-098765.iam.gserviceaccount.com",
            "project": "myproject-098765",
            "timeouts": null,
            "unique_id": "103951869030820064582"
          },
          "sensitive_attributes": [],
          "private": "eyJlMmJmYjczMC1lY2FhLTExZTYtOGY4OC0zNDM2M2JjN2M0YzAiOnsiY3JlYXRlIjozMDAwMDAwMDAwMDB9fQ==",
          "dependencies": [
            "data.google_billing_account.acct",
            "google_project.my_project"
          ]
        }
      ]
    },
    {
      "mode": "managed",
      "type": "google_service_account_iam_binding",
      "name": "admin-account-iam",
      "provider": "provider[\"registry.terraform.io/hashicorp/google\"]",
      "instances": [
        {
          "schema_version": 0,
          "attributes": {
            "condition": [],
            "etag": "BwXUlZTUD2c=",
            "id": "projects/myproject-098765/serviceAccounts/test-sa@myproject-098765.iam.gserviceaccount.com/roles/iam.serviceAccountUser",
            "members": [
              "user:AvatalaVPR@gmail.com"
            ],
            "role": "roles/iam.serviceAccountUser",
            "service_account_id": "projects/myproject-098765/serviceAccounts/test-sa@myproject-098765.iam.gserviceaccount.com"
          },
          "sensitive_attributes": [],
          "private": "bnVsbA==",
          "dependencies": [
            "google_project.my_project",
            "google_service_account.service_account",
            "data.google_billing_account.acct"
          ]
        }
      ]
    },
    {
      "mode": "managed",
      "type": "google_service_account_key",
      "name": "mykey",
      "provider": "provider[\"registry.terraform.io/hashicorp/google\"]",
      "instances": [
        {
          "schema_version": 0,
          "attributes": {
            "id": "projects/myproject-098765/serviceAccounts/test-sa@myproject-098765.iam.gserviceaccount.com/keys/1b35f82c4eca1034e096380ee24e21878bf9a75d",
            "keepers": {
              "rotation_time": "2022-01-31T13:04:31Z"
            },
            "key_algorithm": "KEY_ALG_RSA_2048",
            "name": "projects/myproject-098765/serviceAccounts/test-sa@myproject-098765.iam.gserviceaccount.com/keys/1b35f82c4eca1034e096380ee24e21878bf9a75d",
            "private_key": "ewogICJ0eXBlIjogInNlcnZpY2VfYWNjb3VudCIsCiAgInByb2plY3RfaWQiOiAibXlwcm9qZWN0LTA5ODc2NSIsCiAgInByaXZhdGVfa2V5X2lkIjogIjFiMzVmODJjNGVjYTEwMzRlMDk2MzgwZWUyNGUyMTg3OGJmOWE3NWQiLAogICJwcml2YXRlX2tleSI6ICItLS0tLUJFR0lOIFBSSVZBVEUgS0VZLS0tLS1cbk1JSUV2QUlCQURBTkJna3Foa2lHOXcwQkFRRUZBQVNDQktZd2dnU2lBZ0VBQW9JQkFRQ3ZrRFVIaHFZK29vVDhcblFBT1JHTHFGaFh1dGpuUE10Z3NsVVMyaUlabmd6M20wbE0xL2h0MEFDdjQzZW4zYklrdXVRMU53Qi9mYkhNbTBcblFoNjdZZnpuZHkzOGtpMlFLVEdKUUNnVWZEVHYvYWdGbjlqcW9nU2hnWCthand2bmpjVE1oUERLa2ZzbkVVcnhcbnliWldCR3AwQlF1amhkb0d1dXFxR3BqUEcwRmFKd0xpanVKeHJqaVVYdUllRGhHd2hGNHg5NTNlSmZyWTdWbFZcblR5TktXUVhSaTZtMVV6OHRBVnQxNGJta1dnczNWd2cxbmJTemtmc3FOOFY1VFVnNWZtR1JiQ0haRW1zU0p6RWlcbjV0OGU3dHMvTll2YTZFck9NMUdsR0JqdFlpWEVlVkNQYlNIajFhTXhPalFXN3dib1cwSUxLZmxjellrd0g4OE5cbmErc01NTXZSQWdNQkFBRUNnZ0VBRFFvNVFoeVljdjBId3lPdkVDTWwwWDZMWStYNWlHbzZGRFMrSHJWL3REQzhcbjRiS091K3JrdGRqYkxudzQ1bUthKysvUXZmaTlpbWNPUFVjTytNeUxxQmFVVWhiNmJ1TjhaQzBoZlBvSHhZNlJcbjRROFJJY1pVY1RtSTVJNDg3Rjg5ajVKTlAwS09CTVlXU3JTNGlCV09ZWjB4VXQxQmh5L3hkNTUvbkp4eDQzUDBcblZNanBWRS93QnorMXFVMXk3bWpWdWZTSHZUZG53cktGMzZUYnFPMjJJTTk0ejJRdmI4Q2JXenRwUUsyUjBQQ2dcbjBsSnRXWDlGbWxhNjdENjl3MmkxbGowbUp5Uk5zbnFOZmJqNSswd0ZRQ21mVHN3aUxNc2VXaFlVN2dIUlZKbERcbk9RR3ZScVo5RXlkNUMxbEx4U1k3RTI5VTBhYlNQbFhZSVBaUnVMWHo1UUtCZ1FEWThKZWhxL2hVc0lGM0pzSkZcbll6ZlhYMndkN0wzRVBQMnlQQ09oaU1rT1VpZVBrbGFVSzVERG85TC9vL0FUVTkyeDU5cTBzTjNpVUZMODJldXVcblhaUVZ0M08zL2xTcmFmY3BSZG1lY0UxVnNtSEJ4Q3N3ckNzcnNYVmFCYXBvWlpLK1pDT2dmNTdWUHZLVTI5ZFZcbnhBMjJseFpzS0c2N3cxYW9tZXhkSDg2ZVJRS0JnUURQTEhLTDg5dTJKd0xhcm82UUwwZ2d6bytRdTV5c2tMN2lcblN6elIwdk5TU0NBd0JaQUN4U3NQM2pmaFBqUmczQm5iaFB0OHA4RUsxOHgveVFteDFTaWhTYzVSNzhEcy9SOUVcbjEybS80cTdNWk15UFNIclFBbnp4L24vUHNLNXRMOXBrZEEwOEFacnBya0F5TzIzODBydnlvTmx3TTVaVXVHVFZcbnJuZjhHWnBHSFFLQmdGSTVucjlnZHhkaWJ5L0NPUkFqc3g2bXhFdnpWMW54NUJhU1JNOE5FV2VrSytwM0JPblVcbk9XSnR6YU9uZDI5YjhrTmtKYmttOEhLL0R6VlhROFVySXQyNFV0d0NRZ1ZXZkovZ0ljT3p2UndtS0hkUTZ5M2Zcbms5MVR2YThKUnJXYkNpdXZ1UEUwYmZkVmpJeHZad2JTOEgrc2RJczZKLzV5NDMyMEdhcVNTN1loQW9HQVIxdHFcbjFOT1lrS1BkTXM4KzRXQzN1ajBMYS9HQzVGa3l0aVR0L09ObzFhVnNHTDVCdlFLR2MzKzV4WVkwYWt4RlI3d0ZcbkZ3bDh6eXhIRHBpREUxSjFIU0NieE5NTW8xUUg2aUU4RmxDUW5tdjFuVUI4dEpxMnlHODlQSjhCWlRBL1M2eEJcblJyTFMxYndqOW1sTDEvSUp0R2M4blkzWE1MVVdYaGNxMHBWSzh1MENnWUFyMzFUYi9xdkJmcE1vaEZ3WlVaTFRcbmFMbGJpV2lvOG12VWFCakZzUldYUXNIektSanpSYlRmczJoVjJweDh3OUVjemxudmdDd0JYWFd2L2l1MHc2bE9cbmIxbEJSSG5ZeFhJdG8rMjRHVGt5NE9yQ0p2WmtZNml1dW1LL2wxK0UrWTRQYXJMNkJwRDBOL0V3SnIzSG1PYVlcbjY0ajl5S2MzVm53R1VCSEg1ZFdrNnc9PVxuLS0tLS1FTkQgUFJJVkFURSBLRVktLS0tLVxuIiwKICAiY2xpZW50X2VtYWlsIjogInRlc3Qtc2FAbXlwcm9qZWN0LTA5ODc2NS5pYW0uZ3NlcnZpY2VhY2NvdW50LmNvbSIsCiAgImNsaWVudF9pZCI6ICIxMDM5NTE4NjkwMzA4MjAwNjQ1ODIiLAogICJhdXRoX3VyaSI6ICJodHRwczovL2FjY291bnRzLmdvb2dsZS5jb20vby9vYXV0aDIvYXV0aCIsCiAgInRva2VuX3VyaSI6ICJodHRwczovL29hdXRoMi5nb29nbGVhcGlzLmNvbS90b2tlbiIsCiAgImF1dGhfcHJvdmlkZXJfeDUwOV9jZXJ0X3VybCI6ICJodHRwczovL3d3dy5nb29nbGVhcGlzLmNvbS9vYXV0aDIvdjEvY2VydHMiLAogICJjbGllbnRfeDUwOV9jZXJ0X3VybCI6ICJodHRwczovL3d3dy5nb29nbGVhcGlzLmNvbS9yb2JvdC92MS9tZXRhZGF0YS94NTA5L3Rlc3Qtc2ElNDBteXByb2plY3QtMDk4NzY1LmlhbS5nc2VydmljZWFjY291bnQuY29tIgp9Cg==",
            "private_key_type": "TYPE_GOOGLE_CREDENTIALS_FILE",
            "public_key": "LS0tLS1CRUdJTiBDRVJUSUZJQ0FURS0tLS0tCk1JSUMvRENDQWVTZ0F3SUJBZ0lJQ3MreHBZUStVN1V3RFFZSktvWklodmNOQVFFRkJRQXdJREVlTUJ3R0ExVUUKQXhNVk1UQXpPVFV4T0RZNU1ETXdPREl3TURZME5UZ3lNQ0FYRFRJeU1ERXdNVEV6TURRek0xb1lEems1T1RreApNak14TWpNMU9UVTVXakFnTVI0d0hBWURWUVFERXhVeE1ETTVOVEU0Tmprd016QTRNakF3TmpRMU9ESXdnZ0VpCk1BMEdDU3FHU0liM0RRRUJBUVVBQTRJQkR3QXdnZ0VLQW9JQkFRQ3ZrRFVIaHFZK29vVDhRQU9SR0xxRmhYdXQKam5QTXRnc2xVUzJpSVpuZ3ozbTBsTTEvaHQwQUN2NDNlbjNiSWt1dVExTndCL2ZiSE1tMFFoNjdZZnpuZHkzOApraTJRS1RHSlFDZ1VmRFR2L2FnRm45anFvZ1NoZ1grYWp3dm5qY1RNaFBES2tmc25FVXJ4eWJaV0JHcDBCUXVqCmhkb0d1dXFxR3BqUEcwRmFKd0xpanVKeHJqaVVYdUllRGhHd2hGNHg5NTNlSmZyWTdWbFZUeU5LV1FYUmk2bTEKVXo4dEFWdDE0Ym1rV2dzM1Z3ZzFuYlN6a2ZzcU44VjVUVWc1Zm1HUmJDSFpFbXNTSnpFaTV0OGU3dHMvTll2YQo2RXJPTTFHbEdCanRZaVhFZVZDUGJTSGoxYU14T2pRVzd3Ym9XMElMS2ZsY3pZa3dIODhOYStzTU1NdlJBZ01CCkFBR2pPREEyTUF3R0ExVWRFd0VCL3dRQ01BQXdEZ1lEVlIwUEFRSC9CQVFEQWdlQU1CWUdBMVVkSlFFQi93UU0KTUFvR0NDc0dBUVVGQndNQ01BMEdDU3FHU0liM0RRRUJCUVVBQTRJQkFRQ1NOUCt3WWxZSWRhRERrMll5UXowUApveVk2T1ZhbHNmM0ROUHlFZTJzQ2lBUFVRdVZnUzRaZG5wdDhYdHRsbDZVS3NyTjBNMWZhSEZzRDRETCsyY2xxCkxYOFJwdFZNbkxmVWx0cE45TnlqZEVyVm9oTzlyWWVub2IyZVFzUk85eUJ2NUx1Z0IwczRHYTQwSHVjQ1pmMkoKMlJYK1JaanNPNVdRRjFuZ2oyeVFqdFVoOWdxQ21QRElSaXZtTU1iMEovUUZxWkdOZkR1b0tGMHQzdHNZK1psRAowczBndlJvQ3NJNURLRy9jbHFhR3VSU3pSZHZ0b2x1YmVwQXoxaUFRMU5nWno3Q0FOZTBxTUV5ZVdPajU1Z2JqCnV4S3dIWWtRTDk0M3hlVERmMXdLVUJrQUREdDVzYSt3MXZsTHJOUTdWbGJ1OUhxVS9WN3FhVGVyZElqMVQzUXYKLS0tLS1FTkQgQ0VSVElGSUNBVEUtLS0tLQo=",
            "public_key_data": null,
            "public_key_type": "TYPE_X509_PEM_FILE",
            "service_account_id": "projects/myproject-098765/serviceAccounts/test-sa@myproject-098765.iam.gserviceaccount.com",
            "valid_after": "2022-01-01T13:04:33Z",
            "valid_before": "9999-12-31T23:59:59Z"
          },
          "sensitive_attributes": [],
          "private": "bnVsbA==",
          "dependencies": [
            "data.google_billing_account.acct",
            "google_project.my_project",
            "google_service_account.service_account",
            "time_rotating.mykey_rotation"
          ]
        }
      ]
    },
    {
      "mode": "managed",
      "type": "time_rotating",
      "name": "mykey_rotation",
      "provider": "provider[\"registry.terraform.io/hashicorp/time\"]",
      "instances": [
        {
          "schema_version": 0,
          "attributes": {
            "day": 1,
            "hour": 13,
            "id": "2022-01-01T13:04:31Z",
            "minute": 4,
            "month": 1,
            "rfc3339": "2022-01-01T13:04:31Z",
            "rotation_days": 30,
            "rotation_hours": null,
            "rotation_minutes": null,
            "rotation_months": null,
            "rotation_rfc3339": "2022-01-31T13:04:31Z",
            "rotation_years": null,
            "second": 31,
            "triggers": null,
            "unix": 1641042271,
            "year": 2022
          },
          "sensitive_attributes": [],
          "private": "bnVsbA=="
        }
      ]
    }
  ]
}
